
Microsoft Visual Studio Solution File, Format Version 12.00
# Visual Studio Version 16
VisualStudioVersion = 16.0.33027.164
MinimumVisualStudioVersion = 10.0.40219.1
Project("{9A19103F-16F7-4668-BE54-9A1E7A4F7556}") = "ENode", "src\ENode\ENode.csproj", "{F853E9B9-924D-4F87-A2D0-FBCF7F7418B5}"
EndProject
Project("{9A19103F-16F7-4668-BE54-9A1E7A4F7556}") = "ENode.EQueue", "src\ENode.EQueue\ENode.EQueue.csproj", "{1471287A-9AF1-4C51-86A1-351C867E01EA}"
EndProject
Project("{9A19103F-16F7-4668-BE54-9A1E7A4F7556}") = "ENode.SqlServer", "src\ENode.SqlServer\ENode.SqlServer.csproj", "{44FD45C5-BAF3-4305-8720-8D0AEEAB2203}"
EndProject
Project("{9A19103F-16F7-4668-BE54-9A1E7A4F7556}") = "ENode.MySQL", "src\ENode.MySQL\ENode.MySQL.csproj", "{27ED65CD-2BE4-4AE3-9D42-A2F4FDEA703C}"
EndProject
Project("{2150E333-8FDC-42A3-9474-1A3956D46DE8}") = "Extensions", "Extensions", "{665B7F8A-7363-4D26-BBCF-9A72B0F1F275}"
EndProject
Global
	GlobalSection(SolutionConfigurationPlatforms) = preSolution
		Debug|Any CPU = Debug|Any CPU
		Release|Any CPU = Release|Any CPU
	EndGlobalSection
	GlobalSection(ProjectConfigurationPlatforms) = postSolution
		{F853E9B9-924D-4F87-A2D0-FBCF7F7418B5}.Debug|Any CPU.ActiveCfg = Debug|Any CPU
		{F853E9B9-924D-4F87-A2D0-FBCF7F7418B5}.Debug|Any CPU.Build.0 = Debug|Any CPU
		{F853E9B9-924D-4F87-A2D0-FBCF7F7418B5}.Release|Any CPU.ActiveCfg = Release|Any CPU
		{F853E9B9-924D-4F87-A2D0-FBCF7F7418B5}.Release|Any CPU.Build.0 = Release|Any CPU
		{1471287A-9AF1-4C51-86A1-351C867E01EA}.Debug|Any CPU.ActiveCfg = Debug|Any CPU
		{1471287A-9AF1-4C51-86A1-351C867E01EA}.Debug|Any CPU.Build.0 = Debug|Any CPU
		{1471287A-9AF1-4C51-86A1-351C867E01EA}.Release|Any CPU.ActiveCfg = Release|Any CPU
		{1471287A-9AF1-4C51-86A1-351C867E01EA}.Release|Any CPU.Build.0 = Release|Any CPU
		{44FD45C5-BAF3-4305-8720-8D0AEEAB2203}.Debug|Any CPU.ActiveCfg = Debug|Any CPU
		{44FD45C5-BAF3-4305-8720-8D0AEEAB2203}.Debug|Any CPU.Build.0 = Debug|Any CPU
		{44FD45C5-BAF3-4305-8720-8D0AEEAB2203}.Release|Any CPU.ActiveCfg = Release|Any CPU
		{44FD45C5-BAF3-4305-8720-8D0AEEAB2203}.Release|Any CPU.Build.0 = Release|Any CPU
		{27ED65CD-2BE4-4AE3-9D42-A2F4FDEA703C}.Debug|Any CPU.ActiveCfg = Debug|Any CPU
		{27ED65CD-2BE4-4AE3-9D42-A2F4FDEA703C}.Debug|Any CPU.Build.0 = Debug|Any CPU
		{27ED65CD-2BE4-4AE3-9D42-A2F4FDEA703C}.Release|Any CPU.ActiveCfg = Release|Any CPU
		{27ED65CD-2BE4-4AE3-9D42-A2F4FDEA703C}.Release|Any CPU.Build.0 = Release|Any CPU
	EndGlobalSection
	GlobalSection(SolutionProperties) = preSolution
		HideSolutionNode = FALSE
	EndGlobalSection
	GlobalSection(NestedProjects) = preSolution
		{1471287A-9AF1-4C51-86A1-351C867E01EA} = {665B7F8A-7363-4D26-BBCF-9A72B0F1F275}
		{44FD45C5-BAF3-4305-8720-8D0AEEAB2203} = {665B7F8A-7363-4D26-BBCF-9A72B0F1F275}
		{27ED65CD-2BE4-4AE3-9D42-A2F4FDEA703C} = {665B7F8A-7363-4D26-BBCF-9A72B0F1F275}
	EndGlobalSection
	GlobalSection(ExtensibilityGlobals) = postSolution
		SolutionGuid = {0597ACF3-303B-4063-9008-F78CBC328ABE}
	EndGlobalSection
EndGlobal
